
Microsoft Visual Studio Solution File, Format Version 12.00
# Visual Studio Version 17
VisualStudioVersion = 17.12.35707.178 d17.12
MinimumVisualStudioVersion = 10.0.40219.1
Project("{2150E333-8FDC-42A3-9474-1A3956D46DE8}") = "src", "src", "{752F6539-A5F6-4356-9392-084AFC968951}"
EndProject
Project("{2150E333-8FDC-42A3-9474-1A3956D46DE8}") = "tests", "tests", "{170EB357-8F62-4EDF-80D4-4711A60F6627}"
EndProject
Project("{FAE04EC0-301F-11D3-BF4B-00C04F79EFBC}") = "DietManagementSystem.Domain", "DietManagementSystem.Domain\DietManagementSystem.Domain.csproj", "{7230F559-AF65-4426-A560-4376771DA4DF}"
EndProject
Project("{FAE04EC0-301F-11D3-BF4B-00C04F79EFBC}") = "DietManagementSystem.Application", "DietManagementSystem.Application\DietManagementSystem.Application.csproj", "{54B7664D-1B94-4A63-9D98-BAFFFA140D46}"
EndProject
Project("{FAE04EC0-301F-11D3-BF4B-00C04F79EFBC}") = "DietManagementSystem.Infrastructure", "DietManagementSystem.Infrastructure\DietManagementSystem.Infrastructure.csproj", "{02989124-4991-4B3B-8E5F-912BEA465870}"
EndProject
Project("{FAE04EC0-301F-11D3-BF4B-00C04F79EFBC}") = "DietManagementSystem.Persistence", "DietManagementSystem.Persistence\DietManagementSystem.Persistence.csproj", "{BF8D08A1-E044-4A9E-B754-4F5B1E8BC85F}"
EndProject
Project("{FAE04EC0-301F-11D3-BF4B-00C04F79EFBC}") = "DietManagementSystem.API", "DietManagementSystem.API\DietManagementSystem.API.csproj", "{0FBDFB7B-138F-4C04-8A9A-08CE8B4AF4A0}"
EndProject
Global
	GlobalSection(SolutionConfigurationPlatforms) = preSolution
		Debug|Any CPU = Debug|Any CPU
		Release|Any CPU = Release|Any CPU
	EndGlobalSection
	GlobalSection(ProjectConfigurationPlatforms) = postSolution
		{7230F559-AF65-4426-A560-4376771DA4DF}.Debug|Any CPU.ActiveCfg = Debug|Any CPU
		{7230F559-AF65-4426-A560-4376771DA4DF}.Debug|Any CPU.Build.0 = Debug|Any CPU
		{7230F559-AF65-4426-A560-4376771DA4DF}.Release|Any CPU.ActiveCfg = Release|Any CPU
		{7230F559-AF65-4426-A560-4376771DA4DF}.Release|Any CPU.Build.0 = Release|Any CPU
		{54B7664D-1B94-4A63-9D98-BAFFFA140D46}.Debug|Any CPU.ActiveCfg = Debug|Any CPU
		{54B7664D-1B94-4A63-9D98-BAFFFA140D46}.Debug|Any CPU.Build.0 = Debug|Any CPU
		{54B7664D-1B94-4A63-9D98-BAFFFA140D46}.Release|Any CPU.ActiveCfg = Release|Any CPU
		{54B7664D-1B94-4A63-9D98-BAFFFA140D46}.Release|Any CPU.Build.0 = Release|Any CPU
		{02989124-4991-4B3B-8E5F-912BEA465870}.Debug|Any CPU.ActiveCfg = Debug|Any CPU
		{02989124-4991-4B3B-8E5F-912BEA465870}.Debug|Any CPU.Build.0 = Debug|Any CPU
		{02989124-4991-4B3B-8E5F-912BEA465870}.Release|Any CPU.ActiveCfg = Release|Any CPU
		{02989124-4991-4B3B-8E5F-912BEA465870}.Release|Any CPU.Build.0 = Release|Any CPU
		{BF8D08A1-E044-4A9E-B754-4F5B1E8BC85F}.Debug|Any CPU.ActiveCfg = Debug|Any CPU
		{BF8D08A1-E044-4A9E-B754-4F5B1E8BC85F}.Debug|Any CPU.Build.0 = Debug|Any CPU
		{BF8D08A1-E044-4A9E-B754-4F5B1E8BC85F}.Release|Any CPU.ActiveCfg = Release|Any CPU
		{BF8D08A1-E044-4A9E-B754-4F5B1E8BC85F}.Release|Any CPU.Build.0 = Release|Any CPU
		{0FBDFB7B-138F-4C04-8A9A-08CE8B4AF4A0}.Debug|Any CPU.ActiveCfg = Debug|Any CPU
		{0FBDFB7B-138F-4C04-8A9A-08CE8B4AF4A0}.Debug|Any CPU.Build.0 = Debug|Any CPU
		{0FBDFB7B-138F-4C04-8A9A-08CE8B4AF4A0}.Release|Any CPU.ActiveCfg = Release|Any CPU
		{0FBDFB7B-138F-4C04-8A9A-08CE8B4AF4A0}.Release|Any CPU.Build.0 = Release|Any CPU
	EndGlobalSection
	GlobalSection(SolutionProperties) = preSolution
		HideSolutionNode = FALSE
	EndGlobalSection
	GlobalSection(NestedProjects) = preSolution
		{7230F559-AF65-4426-A560-4376771DA4DF} = {752F6539-A5F6-4356-9392-084AFC968951}
		{54B7664D-1B94-4A63-9D98-BAFFFA140D46} = {752F6539-A5F6-4356-9392-084AFC968951}
		{02989124-4991-4B3B-8E5F-912BEA465870} = {752F6539-A5F6-4356-9392-084AFC968951}
		{BF8D08A1-E044-4A9E-B754-4F5B1E8BC85F} = {752F6539-A5F6-4356-9392-084AFC968951}
		{0FBDFB7B-138F-4C04-8A9A-08CE8B4AF4A0} = {752F6539-A5F6-4356-9392-084AFC968951}
	EndGlobalSection
EndGlobal
